
Microsoft Visual Studio Solution File, Format Version 12.00
# Visual Studio Version 17
VisualStudioVersion = 17.5.33424.131
MinimumVisualStudioVersion = 10.0.40219.1
Project("{FAE04EC0-301F-11D3-BF4B-00C04F79EFBC}") = "Fibonacci_for", "Fibonacci_for\Fibonacci_for.csproj", "{4BA519ED-B0B5-4863-98ED-C1652CDB980E}"
EndProject
Global
	GlobalSection(SolutionConfigurationPlatforms) = preSolution
		Debug|Any CPU = Debug|Any CPU
		Release|Any CPU = Release|Any CPU
	EndGlobalSection
	GlobalSection(ProjectConfigurationPlatforms) = postSolution
		{4BA519ED-B0B5-4863-98ED-C1652CDB980E}.Debug|Any CPU.ActiveCfg = Debug|Any CPU
		{4BA519ED-B0B5-4863-98ED-C1652CDB980E}.Debug|Any CPU.Build.0 = Debug|Any CPU
		{4BA519ED-B0B5-4863-98ED-C1652CDB980E}.Release|Any CPU.ActiveCfg = Release|Any CPU
		{4BA519ED-B0B5-4863-98ED-C1652CDB980E}.Release|Any CPU.Build.0 = Release|Any CPU
	EndGlobalSection
	GlobalSection(SolutionProperties) = preSolution
		HideSolutionNode = FALSE
	EndGlobalSection
	GlobalSection(ExtensibilityGlobals) = postSolution
		SolutionGuid = {C7B710BB-86CB-4E2C-BAB8-934F35AF0888}
	EndGlobalSection
EndGlobal
